
Microsoft Visual Studio Solution File, Format Version 12.00
# Visual Studio Version 17
VisualStudioVersion = 17.3.32929.385
MinimumVisualStudioVersion = 10.0.40219.1
Project("{FAE04EC0-301F-11D3-BF4B-00C04F79EFBC}") = "ChatServer", "ChatServer\ChatServer.csproj", "{DFFDFA03-E49A-4262-91F9-09C3DDF71528}"
EndProject
Global
	GlobalSection(SolutionConfigurationPlatforms) = preSolution
		Debug|Any CPU = Debug|Any CPU
		Release|Any CPU = Release|Any CPU
	EndGlobalSection
	GlobalSection(ProjectConfigurationPlatforms) = postSolution
		{DFFDFA03-E49A-4262-91F9-09C3DDF71528}.Debug|Any CPU.ActiveCfg = Debug|Any CPU
		{DFFDFA03-E49A-4262-91F9-09C3DDF71528}.Debug|Any CPU.Build.0 = Debug|Any CPU
		{DFFDFA03-E49A-4262-91F9-09C3DDF71528}.Release|Any CPU.ActiveCfg = Release|Any CPU
		{DFFDFA03-E49A-4262-91F9-09C3DDF71528}.Release|Any CPU.Build.0 = Release|Any CPU
	EndGlobalSection
	GlobalSection(SolutionProperties) = preSolution
		HideSolutionNode = FALSE
	EndGlobalSection
	GlobalSection(ExtensibilityGlobals) = postSolution
		SolutionGuid = {5DF32684-1369-49DA-A742-528C205AD5E1}
	EndGlobalSection
EndGlobal
